// !$*UTF8*$!
{
	archiveVersion = 1;
	classes = {
	};
	objectVersion = 55;
	objects = {

/* Begin PBXBuildFile section */
		5E21E63D275E39BC005EC21B /* AppDelegate.swift in Sources */ = {isa = PBXBuildFile; fileRef = 5E21E63C275E39BC005EC21B /* AppDelegate.swift */; };
		5E21E63F275E39BC005EC21B /* SceneDelegate.swift in Sources */ = {isa = PBXBuildFile; fileRef = 5E21E63E275E39BC005EC21B /* SceneDelegate.swift */; };
		5E21E641275E39BC005EC21B /* ViewController.swift in Sources */ = {isa = PBXBuildFile; fileRef = 5E21E640275E39BC005EC21B /* ViewController.swift */; };
		5E21E644275E39BC005EC21B /* Main.storyboard in Resources */ = {isa = PBXBuildFile; fileRef = 5E21E642275E39BC005EC21B /* Main.storyboard */; };
		5E21E646275E39BD005EC21B /* Assets.xcassets in Resources */ = {isa = PBXBuildFile; fileRef = 5E21E645275E39BD005EC21B /* Assets.xcassets */; };
		5E21E649275E39BD005EC21B /* LaunchScreen.storyboard in Resources */ = {isa = PBXBuildFile; fileRef = 5E21E647275E39BD005EC21B /* LaunchScreen.storyboard */; };
		C5BB0CAC03196F4C13CD042B /* Pods_DemoXcodeRemoteCache.framework in Frameworks */ = {isa = PBXBuildFile; fileRef = 2FE767C68711A54BE91B56DA /* Pods_DemoXcodeRemoteCache.framework */; };
/* End PBXBuildFile section */

/* Begin PBXFileReference section */
		2FE767C68711A54BE91B56DA /* Pods_DemoXcodeRemoteCache.framework */ = {isa = PBXFileReference; explicitFileType = wrapper.framework; includeInIndex = 0; path = Pods_DemoXcodeRemoteCache.framework; sourceTree = BUILT_PRODUCTS_DIR; };
		5E21E639275E39BC005EC21B /* DemoXcodeRemoteCache.app */ = {isa = PBXFileReference; explicitFileType = wrapper.application; includeInIndex = 0; path = DemoXcodeRemoteCache.app; sourceTree = BUILT_PRODUCTS_DIR; };
		5E21E63C275E39BC005EC21B /* AppDelegate.swift */ = {isa = PBXFileReference; lastKnownFileType = sourcecode.swift; path = AppDelegate.swift; sourceTree = "<group>"; };
		5E21E63E275E39BC005EC21B /* SceneDelegate.swift */ = {isa = PBXFileReference; lastKnownFileType = sourcecode.swift; path = SceneDelegate.swift; sourceTree = "<group>"; };
		5E21E640275E39BC005EC21B /* ViewController.swift */ = {isa = PBXFileReference; lastKnownFileType = sourcecode.swift; path = ViewController.swift; sourceTree = "<group>"; };
		5E21E643275E39BC005EC21B /* Base */ = {isa = PBXFileReference; lastKnownFileType = file.storyboard; name = Base; path = Base.lproj/Main.storyboard; sourceTree = "<group>"; };
		5E21E645275E39BD005EC21B /* Assets.xcassets */ = {isa = PBXFileReference; lastKnownFileType = folder.assetcatalog; path = Assets.xcassets; sourceTree = "<group>"; };
		5E21E648275E39BD005EC21B /* Base */ = {isa = PBXFileReference; lastKnownFileType = file.storyboard; name = Base; path = Base.lproj/LaunchScreen.storyboard; sourceTree = "<group>"; };
		5E21E64A275E39BD005EC21B /* Info.plist */ = {isa = PBXFileReference; lastKnownFileType = text.plist.xml; path = Info.plist; sourceTree = "<group>"; };
		655A4802F01D11B432778F92 /* Pods-DemoXcodeRemoteCache.debug.xcconfig */ = {isa = PBXFileReference; includeInIndex = 1; lastKnownFileType = text.xcconfig; name = "Pods-DemoXcodeRemoteCache.debug.xcconfig"; path = "Target Support Files/Pods-DemoXcodeRemoteCache/Pods-DemoXcodeRemoteCache.debug.xcconfig"; sourceTree = "<group>"; };
		A16084AD9CD54FF6B38EDEDB /* Pods-DemoXcodeRemoteCache.release.xcconfig */ = {isa = PBXFileReference; includeInIndex = 1; lastKnownFileType = text.xcconfig; name = "Pods-DemoXcodeRemoteCache.release.xcconfig"; path = "Target Support Files/Pods-DemoXcodeRemoteCache/Pods-DemoXcodeRemoteCache.release.xcconfig"; sourceTree = "<group>"; };
/* End PBXFileReference section */

/* Begin PBXFrameworksBuildPhase section */
		5E21E636275E39BC005EC21B /* Frameworks */ = {
			isa = PBXFrameworksBuildPhase;
			buildActionMask = 2147483647;
			files = (
				C5BB0CAC03196F4C13CD042B /* Pods_DemoXcodeRemoteCache.framework in Frameworks */,
			);
			runOnlyForDeploymentPostprocessing = 0;
		};
/* End PBXFrameworksBuildPhase section */

/* Begin PBXGroup section */
		5E21E630275E39BC005EC21B = {
			isa = PBXGroup;
			children = (
				5E21E63B275E39BC005EC21B /* DemoXcodeRemoteCache */,
				5E21E63A275E39BC005EC21B /* Products */,
				A1C4B4E95EF33977C2D6B0A8 /* Pods */,
				91324340F0DC4DBE086AEF04 /* Frameworks */,
			);
			sourceTree = "<group>";
		};
		5E21E63A275E39BC005EC21B /* Products */ = {
			isa = PBXGroup;
			children = (
				5E21E639275E39BC005EC21B /* DemoXcodeRemoteCache.app */,
			);
			name = Products;
			sourceTree = "<group>";
		};
		5E21E63B275E39BC005EC21B /* DemoXcodeRemoteCache */ = {
			isa = PBXGroup;
			children = (
				5E21E63C275E39BC005EC21B /* AppDelegate.swift */,
				5E21E63E275E39BC005EC21B /* SceneDelegate.swift */,
				5E21E640275E39BC005EC21B /* ViewController.swift */,
				5E21E642275E39BC005EC21B /* Main.storyboard */,
				5E21E645275E39BD005EC21B /* Assets.xcassets */,
				5E21E647275E39BD005EC21B /* LaunchScreen.storyboard */,
				5E21E64A275E39BD005EC21B /* Info.plist */,
			);
			path = DemoXcodeRemoteCache;
			sourceTree = "<group>";
		};
		91324340F0DC4DBE086AEF04 /* Frameworks */ = {
			isa = PBXGroup;
			children = (
				2FE767C68711A54BE91B56DA /* Pods_DemoXcodeRemoteCache.framework */,
			);
			name = Frameworks;
			sourceTree = "<group>";
		};
		A1C4B4E95EF33977C2D6B0A8 /* Pods */ = {
			isa = PBXGroup;
			children = (
				655A4802F01D11B432778F92 /* Pods-DemoXcodeRemoteCache.debug.xcconfig */,
				A16084AD9CD54FF6B38EDEDB /* Pods-DemoXcodeRemoteCache.release.xcconfig */,
			);
			path = Pods;
			sourceTree = "<group>";
		};
/* End PBXGroup section */

/* Begin PBXNativeTarget section */
		5E21E638275E39BC005EC21B /* DemoXcodeRemoteCache */ = {
			isa = PBXNativeTarget;
			buildConfigurationList = 5E21E64D275E39BD005EC21B /* Build configuration list for PBXNativeTarget "DemoXcodeRemoteCache" */;
			buildPhases = (
				498A8262F499E66058A78FF3 /* [RC] RemoteCache_prebuild */,
				361B13056980AB1DBA62B9E2 /* [CP] Check Pods Manifest.lock */,
				5E21E635275E39BC005EC21B /* Sources */,
				5E21E636275E39BC005EC21B /* Frameworks */,
				5E21E637275E39BC005EC21B /* Resources */,
				F5298BAB22449421F76FE953 /* [RC] RemoteCache_postbuild */,
				709172050AB9E6315E9CD441 /* [RC] RemoteCache_mark */,
			);
			buildRules = (
			);
			dependencies = (
			);
			name = DemoXcodeRemoteCache;
			productName = DemoXcodeRemoteCache;
			productReference = 5E21E639275E39BC005EC21B /* DemoXcodeRemoteCache.app */;
			productType = "com.apple.product-type.application";
		};
/* End PBXNativeTarget section */

/* Begin PBXProject section */
		5E21E631275E39BC005EC21B /* Project object */ = {
			isa = PBXProject;
			attributes = {
				BuildIndependentTargetsInParallel = 1;
				LastSwiftUpdateCheck = 1310;
				LastUpgradeCheck = 1310;
				TargetAttributes = {
					5E21E638275E39BC005EC21B = {
						CreatedOnToolsVersion = 13.1;
					};
				};
			};
			buildConfigurationList = 5E21E634275E39BC005EC21B /* Build configuration list for PBXProject "DemoXcodeRemoteCache" */;
			compatibilityVersion = "Xcode 13.0";
			developmentRegion = en;
			hasScannedForEncodings = 0;
			knownRegions = (
				en,
				Base,
			);
			mainGroup = 5E21E630275E39BC005EC21B;
			productRefGroup = 5E21E63A275E39BC005EC21B /* Products */;
			projectDirPath = "";
			projectRoot = "";
			targets = (
				5E21E638275E39BC005EC21B /* DemoXcodeRemoteCache */,
			);
		};
/* End PBXProject section */

/* Begin PBXResourcesBuildPhase section */
		5E21E637275E39BC005EC21B /* Resources */ = {
			isa = PBXResourcesBuildPhase;
			buildActionMask = 2147483647;
			files = (
				5E21E649275E39BD005EC21B /* LaunchScreen.storyboard in Resources */,
				5E21E646275E39BD005EC21B /* Assets.xcassets in Resources */,
				5E21E644275E39BC005EC21B /* Main.storyboard in Resources */,
			);
			runOnlyForDeploymentPostprocessing = 0;
		};
/* End PBXResourcesBuildPhase section */

/* Begin PBXShellScriptBuildPhase section */
		361B13056980AB1DBA62B9E2 /* [CP] Check Pods Manifest.lock */ = {
			isa = PBXShellScriptBuildPhase;
			buildActionMask = 2147483647;
			files = (
			);
			inputFileListPaths = (
			);
			inputPaths = (
				"${PODS_PODFILE_DIR_PATH}/Podfile.lock",
				"${PODS_ROOT}/Manifest.lock",
			);
			name = "[CP] Check Pods Manifest.lock";
			outputFileListPaths = (
			);
			outputPaths = (
				"$(DERIVED_FILE_DIR)/Pods-DemoXcodeRemoteCache-checkManifestLockResult.txt",
			);
			runOnlyForDeploymentPostprocessing = 0;
			shellPath = /bin/sh;
			shellScript = "diff \"${PODS_PODFILE_DIR_PATH}/Podfile.lock\" \"${PODS_ROOT}/Manifest.lock\" > /dev/null\nif [ $? != 0 ] ; then\n    # print error to STDERR\n    echo \"error: The sandbox is not in sync with the Podfile.lock. Run 'pod install' or update your CocoaPods installation.\" >&2\n    exit 1\nfi\n# This output is used by Xcode 'outputs' to avoid re-running this script phase.\necho \"SUCCESS\" > \"${SCRIPT_OUTPUT_FILE_0}\"\n";
			showEnvVarsInLog = 0;
		};
		498A8262F499E66058A78FF3 /* [RC] RemoteCache_prebuild */ = {
			isa = PBXShellScriptBuildPhase;
			buildActionMask = 2147483647;
			dependencyFile = "$(TARGET_TEMP_DIR)/prebuild.d";
			files = (
			);
			inputPaths = (
				/Users/wildcat/Developer/xcodeProjects/Demo/DemoXcodeRemoteCache/xcremotecache/xcprebuild,
			);
			name = "[RC] RemoteCache_prebuild";
			outputPaths = (
				"$(TARGET_TEMP_DIR)/rc.enabled",
			);
			runOnlyForDeploymentPostprocessing = 0;
			shellPath = /bin/sh;
			shellScript = "\"$SCRIPT_INPUT_FILE_0\"";
		};
		709172050AB9E6315E9CD441 /* [RC] RemoteCache_mark */ = {
			isa = PBXShellScriptBuildPhase;
			buildActionMask = 2147483647;
			files = (
			);
			inputPaths = (
				/Users/wildcat/Developer/xcodeProjects/Demo/DemoXcodeRemoteCache/xcremotecache/xcprepare,
			);
			name = "[RC] RemoteCache_mark";
			outputPaths = (
			);
			runOnlyForDeploymentPostprocessing = 0;
			shellPath = /bin/sh;
			shellScript = "\"$SCRIPT_INPUT_FILE_0\" mark --configuration \"$CONFIGURATION\" --platform \"$PLATFORM_NAME\"";
		};
		F5298BAB22449421F76FE953 /* [RC] RemoteCache_postbuild */ = {
			isa = PBXShellScriptBuildPhase;
			buildActionMask = 2147483647;
			dependencyFile = "$(TARGET_TEMP_DIR)/postbuild.d";
			files = (
			);
			inputPaths = (
				/Users/wildcat/Developer/xcodeProjects/Demo/DemoXcodeRemoteCache/xcremotecache/xcpostbuild,
			);
			name = "[RC] RemoteCache_postbuild";
			outputPaths = (
				"$(TARGET_BUILD_DIR)/$(MODULES_FOLDER_PATH)/$(PRODUCT_MODULE_NAME).swiftmodule/$(PLATFORM_PREFERRED_ARCH).swiftmodule.md5",
				"$(TARGET_BUILD_DIR)/$(MODULES_FOLDER_PATH)/$(PRODUCT_MODULE_NAME).swiftmodule/$(PLATFORM_PREFERRED_ARCH)-$(LLVM_TARGET_TRIPLE_VENDOR)-$(SWIFT_PLATFORM_TARGET_PREFIX)$(LLVM_TARGET_TRIPLE_SUFFIX).swiftmodule.md5",
			);
			runOnlyForDeploymentPostprocessing = 0;
			shellPath = /bin/sh;
			shellScript = "\"$SCRIPT_INPUT_FILE_0\"";
		};
/* End PBXShellScriptBuildPhase section */

/* Begin PBXSourcesBuildPhase section */
		5E21E635275E39BC005EC21B /* Sources */ = {
			isa = PBXSourcesBuildPhase;
			buildActionMask = 2147483647;
			files = (
				5E21E641275E39BC005EC21B /* ViewController.swift in Sources */,
				5E21E63D275E39BC005EC21B /* AppDelegate.swift in Sources */,
				5E21E63F275E39BC005EC21B /* SceneDelegate.swift in Sources */,
			);
			runOnlyForDeploymentPostprocessing = 0;
		};
/* End PBXSourcesBuildPhase section */

/* Begin PBXVariantGroup section */
		5E21E642275E39BC005EC21B /* Main.storyboard */ = {
			isa = PBXVariantGroup;
			children = (
				5E21E643275E39BC005EC21B /* Base */,
			);
			name = Main.storyboard;
			sourceTree = "<group>";
		};
		5E21E647275E39BD005EC21B /* LaunchScreen.storyboard */ = {
			isa = PBXVariantGroup;
			children = (
				5E21E648275E39BD005EC21B /* Base */,
			);
			name = LaunchScreen.storyboard;
			sourceTree = "<group>";
		};
/* End PBXVariantGroup section */

/* Begin XCBuildConfiguration section */
		5E21E64B275E39BD005EC21B /* Debug */ = {
			isa = XCBuildConfiguration;
			buildSettings = {
				ALWAYS_SEARCH_USER_PATHS = NO;
				CLANG_ANALYZER_NONNULL = YES;
				CLANG_ANALYZER_NUMBER_OBJECT_CONVERSION = YES_AGGRESSIVE;
				CLANG_CXX_LANGUAGE_STANDARD = "gnu++17";
				CLANG_CXX_LIBRARY = "libc++";
				CLANG_ENABLE_MODULES = YES;
				CLANG_ENABLE_OBJC_ARC = YES;
				CLANG_ENABLE_OBJC_WEAK = YES;
				CLANG_WARN_BLOCK_CAPTURE_AUTORELEASING = YES;
				CLANG_WARN_BOOL_CONVERSION = YES;
				CLANG_WARN_COMMA = YES;
				CLANG_WARN_CONSTANT_CONVERSION = YES;
				CLANG_WARN_DEPRECATED_OBJC_IMPLEMENTATIONS = YES;
				CLANG_WARN_DIRECT_OBJC_ISA_USAGE = YES_ERROR;
				CLANG_WARN_DOCUMENTATION_COMMENTS = YES;
				CLANG_WARN_EMPTY_BODY = YES;
				CLANG_WARN_ENUM_CONVERSION = YES;
				CLANG_WARN_INFINITE_RECURSION = YES;
				CLANG_WARN_INT_CONVERSION = YES;
				CLANG_WARN_NON_LITERAL_NULL_CONVERSION = YES;
				CLANG_WARN_OBJC_IMPLICIT_RETAIN_SELF = YES;
				CLANG_WARN_OBJC_LITERAL_CONVERSION = YES;
				CLANG_WARN_OBJC_ROOT_CLASS = YES_ERROR;
				CLANG_WARN_QUOTED_INCLUDE_IN_FRAMEWORK_HEADER = YES;
				CLANG_WARN_RANGE_LOOP_ANALYSIS = YES;
				CLANG_WARN_STRICT_PROTOTYPES = YES;
				CLANG_WARN_SUSPICIOUS_MOVE = YES;
				CLANG_WARN_UNGUARDED_AVAILABILITY = YES_AGGRESSIVE;
				CLANG_WARN_UNREACHABLE_CODE = YES;
				CLANG_WARN__DUPLICATE_METHOD_MATCH = YES;
				COPY_PHASE_STRIP = NO;
				DEBUG_INFORMATION_FORMAT = dwarf;
				ENABLE_STRICT_OBJC_MSGSEND = YES;
				ENABLE_TESTABILITY = YES;
				GCC_C_LANGUAGE_STANDARD = gnu11;
				GCC_DYNAMIC_NO_PIC = NO;
				GCC_NO_COMMON_BLOCKS = YES;
				GCC_OPTIMIZATION_LEVEL = 0;
				GCC_PREPROCESSOR_DEFINITIONS = (
					"DEBUG=1",
					"$(inherited)",
				);
				GCC_WARN_64_TO_32_BIT_CONVERSION = YES;
				GCC_WARN_ABOUT_RETURN_TYPE = YES_ERROR;
				GCC_WARN_UNDECLARED_SELECTOR = YES;
				GCC_WARN_UNINITIALIZED_AUTOS = YES_AGGRESSIVE;
				GCC_WARN_UNUSED_FUNCTION = YES;
				GCC_WARN_UNUSED_VARIABLE = YES;
				IPHONEOS_DEPLOYMENT_TARGET = 15.0;
				MTL_ENABLE_DEBUG_INFO = INCLUDE_SOURCE;
				MTL_FAST_MATH = YES;
				ONLY_ACTIVE_ARCH = YES;
				SDKROOT = iphoneos;
				SWIFT_ACTIVE_COMPILATION_CONDITIONS = DEBUG;
				SWIFT_OPTIMIZATION_LEVEL = "-Onone";
			};
			name = Debug;
		};
		5E21E64C275E39BD005EC21B /* Release */ = {
			isa = XCBuildConfiguration;
			buildSettings = {
				ALWAYS_SEARCH_USER_PATHS = NO;
				CLANG_ANALYZER_NONNULL = YES;
				CLANG_ANALYZER_NUMBER_OBJECT_CONVERSION = YES_AGGRESSIVE;
				CLANG_CXX_LANGUAGE_STANDARD = "gnu++17";
				CLANG_CXX_LIBRARY = "libc++";
				CLANG_ENABLE_MODULES = YES;
				CLANG_ENABLE_OBJC_ARC = YES;
				CLANG_ENABLE_OBJC_WEAK = YES;
				CLANG_WARN_BLOCK_CAPTURE_AUTORELEASING = YES;
				CLANG_WARN_BOOL_CONVERSION = YES;
				CLANG_WARN_COMMA = YES;
				CLANG_WARN_CONSTANT_CONVERSION = YES;
				CLANG_WARN_DEPRECATED_OBJC_IMPLEMENTATIONS = YES;
				CLANG_WARN_DIRECT_OBJC_ISA_USAGE = YES_ERROR;
				CLANG_WARN_DOCUMENTATION_COMMENTS = YES;
				CLANG_WARN_EMPTY_BODY = YES;
				CLANG_WARN_ENUM_CONVERSION = YES;
				CLANG_WARN_INFINITE_RECURSION = YES;
				CLANG_WARN_INT_CONVERSION = YES;
				CLANG_WARN_NON_LITERAL_NULL_CONVERSION = YES;
				CLANG_WARN_OBJC_IMPLICIT_RETAIN_SELF = YES;
				CLANG_WARN_OBJC_LITERAL_CONVERSION = YES;
				CLANG_WARN_OBJC_ROOT_CLASS = YES_ERROR;
				CLANG_WARN_QUOTED_INCLUDE_IN_FRAMEWORK_HEADER = YES;
				CLANG_WARN_RANGE_LOOP_ANALYSIS = YES;
				CLANG_WARN_STRICT_PROTOTYPES = YES;
				CLANG_WARN_SUSPICIOUS_MOVE = YES;
				CLANG_WARN_UNGUARDED_AVAILABILITY = YES_AGGRESSIVE;
				CLANG_WARN_UNREACHABLE_CODE = YES;
				CLANG_WARN__DUPLICATE_METHOD_MATCH = YES;
				COPY_PHASE_STRIP = NO;
				DEBUG_INFORMATION_FORMAT = "dwarf-with-dsym";
				ENABLE_NS_ASSERTIONS = NO;
				ENABLE_STRICT_OBJC_MSGSEND = YES;
				GCC_C_LANGUAGE_STANDARD = gnu11;
				GCC_NO_COMMON_BLOCKS = YES;
				GCC_WARN_64_TO_32_BIT_CONVERSION = YES;
				GCC_WARN_ABOUT_RETURN_TYPE = YES_ERROR;
				GCC_WARN_UNDECLARED_SELECTOR = YES;
				GCC_WARN_UNINITIALIZED_AUTOS = YES_AGGRESSIVE;
				GCC_WARN_UNUSED_FUNCTION = YES;
				GCC_WARN_UNUSED_VARIABLE = YES;
				IPHONEOS_DEPLOYMENT_TARGET = 15.0;
				MTL_ENABLE_DEBUG_INFO = NO;
				MTL_FAST_MATH = YES;
				SDKROOT = iphoneos;
				SWIFT_COMPILATION_MODE = wholemodule;
				SWIFT_OPTIMIZATION_LEVEL = "-O";
				VALIDATE_PRODUCT = YES;
			};
			name = Release;
		};
		5E21E64E275E39BD005EC21B /* Debug */ = {
			isa = XCBuildConfiguration;
			baseConfigurationReference = 655A4802F01D11B432778F92 /* Pods-DemoXcodeRemoteCache.debug.xcconfig */;
			buildSettings = {
				ASSETCATALOG_COMPILER_APPICON_NAME = AppIcon;
				ASSETCATALOG_COMPILER_GLOBAL_ACCENT_COLOR_NAME = AccentColor;
				CODE_SIGN_STYLE = Automatic;
				CURRENT_PROJECT_VERSION = 1;
				DEVELOPMENT_TEAM = DH5UQL44AR;
				GENERATE_INFOPLIST_FILE = YES;
				INFOPLIST_FILE = DemoXcodeRemoteCache/Info.plist;
				INFOPLIST_KEY_UIApplicationSupportsIndirectInputEvents = YES;
				INFOPLIST_KEY_UILaunchStoryboardName = LaunchScreen;
				INFOPLIST_KEY_UIMainStoryboardFile = Main;
				INFOPLIST_KEY_UISupportedInterfaceOrientations_iPad = "UIInterfaceOrientationPortrait UIInterfaceOrientationPortraitUpsideDown UIInterfaceOrientationLandscapeLeft UIInterfaceOrientationLandscapeRight";
				INFOPLIST_KEY_UISupportedInterfaceOrientations_iPhone = "UIInterfaceOrientationPortrait UIInterfaceOrientationLandscapeLeft UIInterfaceOrientationLandscapeRight";
				LD = $SRCROOT/XCRC/xcld;
				LD_RUNPATH_SEARCH_PATHS = (
					"$(inherited)",
					"@executable_path/Frameworks",
				);
				LIBTOOL = $SRCROOT/XCRC/xclibtool;
				MARKETING_VERSION = 1.0;
				OTHER_CFLAGS = "$(inherited) -fdebug-prefix-map=/Users/wildcat/Developer/xcodeProjects/Demo/DemoXcodeRemoteCache=$(XCRC_FAKE_SRCROOT)";
				OTHER_SWIFT_FLAGS = "$(inherited) -debug-prefix-map /Users/wildcat/Developer/xcodeProjects/Demo/DemoXcodeRemoteCache=$(XCRC_FAKE_SRCROOT)";
				PRODUCT_BUNDLE_IDENTIFIER = app.catstudio.DemoXcodeRemoteCache;
				PRODUCT_NAME = "$(TARGET_NAME)";
				SWIFT_EMIT_LOC_STRINGS = YES;
				SWIFT_EXEC = /Users/wildcat/Developer/xcodeProjects/Demo/DemoXcodeRemoteCache/xcremotecache/xcswiftc;
				SWIFT_VERSION = 5.0;
				TARGETED_DEVICE_FAMILY = "1,2";
				XCRC_FAKE_SRCROOT = /xxxxxxxxxx;
				XCREMOTE_CACHE_FAKE_SRCROOT = /xxxxxxxxxx;
			};
			name = Debug;
		};
		5E21E64F275E39BD005EC21B /* Release */ = {
			isa = XCBuildConfiguration;
			baseConfigurationReference = A16084AD9CD54FF6B38EDEDB /* Pods-DemoXcodeRemoteCache.release.xcconfig */;
			buildSettings = {
				ASSETCATALOG_COMPILER_APPICON_NAME = AppIcon;
				ASSETCATALOG_COMPILER_GLOBAL_ACCENT_COLOR_NAME = AccentColor;
				CODE_SIGN_STYLE = Automatic;
				CURRENT_PROJECT_VERSION = 1;
				DEVELOPMENT_TEAM = DH5UQL44AR;
				GENERATE_INFOPLIST_FILE = YES;
				INFOPLIST_FILE = DemoXcodeRemoteCache/Info.plist;
				INFOPLIST_KEY_UIApplicationSupportsIndirectInputEvents = YES;
				INFOPLIST_KEY_UILaunchStoryboardName = LaunchScreen;
				INFOPLIST_KEY_UIMainStoryboardFile = Main;
				INFOPLIST_KEY_UISupportedInterfaceOrientations_iPad = "UIInterfaceOrientationPortrait UIInterfaceOrientationPortraitUpsideDown UIInterfaceOrientationLandscapeLeft UIInterfaceOrientationLandscapeRight";
				INFOPLIST_KEY_UISupportedInterfaceOrientations_iPhone = "UIInterfaceOrientationPortrait UIInterfaceOrientationLandscapeLeft UIInterfaceOrientationLandscapeRight";
				LD = $SRCROOT/XCRC/xcld;
				LD_RUNPATH_SEARCH_PATHS = (
					"$(inherited)",
					"@executable_path/Frameworks",
				);
				LIBTOOL = $SRCROOT/XCRC/xclibtool;
				MARKETING_VERSION = 1.0;
				OTHER_CFLAGS = (
					"$(inherited)",
					"-fdebug-prefix-map=$(SRCROOT)=$(XCREMOTE_CACHE_FAKE_SRCROOT)",
					"-fdebug-prefix-map=$(SRCROOT)=$(XCREMOTE_CACHE_FAKE_SRCROOT)",
				);
				OTHER_SWIFT_FLAGS = "$(inherited) -debug-prefix-map $(SRCROOT)=$(XCREMOTE_CACHE_FAKE_SRCROOT)";
				PRODUCT_BUNDLE_IDENTIFIER = app.catstudio.DemoXcodeRemoteCache;
				PRODUCT_NAME = "$(TARGET_NAME)";
				SWIFT_EMIT_LOC_STRINGS = YES;
				SWIFT_EXEC = $SRCROOT/XCRC/xcswiftc;
				SWIFT_VERSION = 5.0;
				TARGETED_DEVICE_FAMILY = "1,2";
				XCREMOTE_CACHE_FAKE_SRCROOT = /xxxxxxxxxx;
			};
			name = Release;
		};
/* End XCBuildConfiguration section */

/* Begin XCConfigurationList section */
		5E21E634275E39BC005EC21B /* Build configuration list for PBXProject "DemoXcodeRemoteCache" */ = {
			isa = XCConfigurationList;
			buildConfigurations = (
				5E21E64B275E39BD005EC21B /* Debug */,
				5E21E64C275E39BD005EC21B /* Release */,
			);
			defaultConfigurationIsVisible = 0;
			defaultConfigurationName = Release;
		};
		5E21E64D275E39BD005EC21B /* Build configuration list for PBXNativeTarget "DemoXcodeRemoteCache" */ = {
			isa = XCConfigurationList;
			buildConfigurations = (
				5E21E64E275E39BD005EC21B /* Debug */,
				5E21E64F275E39BD005EC21B /* Release */,
			);
			defaultConfigurationIsVisible = 0;
			defaultConfigurationName = Release;
		};
/* End XCConfigurationList section */
	};
	rootObject = 5E21E631275E39BC005EC21B /* Project object */;
}
